[[package]]
name = "backports.shutil-which"
version = "3.5.2"
description = "Backport of shutil.which from Python 3.3"
category = "main"
optional = false
python-versions = "*"

[[package]]
name = "certifi"
version = "2021.10.8"
description = "Python package for providing Mozilla's CA Bundle."
category = "main"
optional = false
python-versions = "*"

[[package]]
name = "charset-normalizer"
version = "2.0.9"
description = "The Real First Universal Charset Detector. Open, modern and actively maintained alternative to Chardet."
category = "main"
optional = false
python-versions = ">=3.5.0"

[package.extras]
unicode_backport = ["unicodedata2"]

[[package]]
name = "colorama"
version = "0.4.4"
description = "Cross-platform colored terminal text."
category = "main"
optional = false
python-versions = ">=2.7, !=3.0.*, !=3.1.*, !=3.2.*, !=3.3.*, !=3.4.*"

[[package]]
name = "flake8"
version = "4.0.1"
description = "the modular source code checker: pep8 pyflakes and co"
category = "dev"
optional = false
python-versions = ">=3.6"

[package.dependencies]
mccabe = ">=0.6.0,<0.7.0"
pycodestyle = ">=2.8.0,<2.9.0"
pyflakes = ">=2.4.0,<2.5.0"

[[package]]
name = "idna"
version = "3.3"
description = "Internationalized Domain Names in Applications (IDNA)"
category = "main"
optional = false
python-versions = ">=3.5"

[[package]]
name = "mccabe"
version = "0.6.1"
description = "McCabe checker, plugin for flake8"
category = "dev"
optional = false
python-versions = "*"

[[package]]
name = "pycodestyle"
version = "2.8.0"
description = "Python style guide checker"
category = "dev"
optional = false
python-versions = ">=2.7, !=3.0.*, !=3.1.*, !=3.2.*, !=3.3.*, !=3.4.*"

[[package]]
name = "pyflakes"
version = "2.4.0"
description = "passive checker of Python programs"
category = "dev"
optional = false
python-versions = ">=2.7, !=3.0.*, !=3.1.*, !=3.2.*, !=3.3.*"

[[package]]
name = "pygame"
version = "2.1.0"
description = "Python Game Development"
category = "main"
optional = false
python-versions = ">=3.6"

[[package]]
name = "pysdl2"
version = "0.9.9"
description = "Python SDL2 bindings"
category = "main"
optional = false
python-versions = "*"

[[package]]
name = "pysdl2-dll"
version = "2.0.16"
description = "Pre-built SDL2 binaries for PySDL2"
category = "main"
optional = false
python-versions = "*"

[[package]]
name = "pytz"
version = "2021.3"
description = "World timezone definitions, modern and historical"
category = "main"
optional = false
python-versions = "*"

[[package]]
name = "requests"
version = "2.26.0"
description = "Python HTTP for Humans."
category = "main"
optional = false
python-versions = ">=2.7, !=3.0.*, !=3.1.*, !=3.2.*, !=3.3.*, !=3.4.*, !=3.5.*"

[package.dependencies]
certifi = ">=2017.4.17"
charset-normalizer = {version = ">=2.0.0,<2.1.0", markers = "python_version >= \"3\""}
idna = {version = ">=2.5,<4", markers = "python_version >= \"3\""}
urllib3 = ">=1.21.1,<1.27"

[package.extras]
socks = ["PySocks (>=1.5.6,!=1.5.7)", "win-inet-pton"]
use_chardet_on_py3 = ["chardet (>=3.0.2,<5)"]

[[package]]
name = "six"
version = "1.16.0"
description = "Python 2 and 3 compatibility utilities"
category = "main"
optional = false
python-versions = ">=2.7, !=3.0.*, !=3.1.*, !=3.2.*"

[[package]]
name = "urllib3"
version = "1.26.7"
description = "HTTP library with thread-safe connection pooling, file post, and more."
category = "main"
optional = false
python-versions = ">=2.7, !=3.0.*, !=3.1.*, !=3.2.*, !=3.3.*, !=3.4.*, <4"

[package.extras]
brotli = ["brotlipy (>=0.6.0)"]
secure = ["pyOpenSSL (>=0.14)", "cryptography (>=1.3.4)", "idna (>=2.0.0)", "certifi", "ipaddress"]
socks = ["PySocks (>=1.5.6,!=1.5.7,<2.0)"]

[[package]]
name = "vmprof"
version = "0.4.15"
description = "Python's vmprof client"
category = "main"
optional = false
python-versions = "*"

[package.dependencies]
"backports.shutil_which" = "*"
colorama = "*"
pytz = "*"
requests = "*"
six = "*"

[metadata]
lock-version = "1.1"
python-versions = "^3.8"
content-hash = "72871b00c8077742beadedab6513af0bf0db57f3aa008ed5ae47cf6805eb1e4c"

[metadata.files]
"backports.shutil-which" = [
    {file = "backports.shutil_which-3.5.2-py2.py3-none-any.whl", hash = "sha256:dc627fb2bc40f8ad7e012d7d9a59ed0cb1b74a9510ed936b3f9358b7ac6d4d31"},
    {file = "backports.shutil_which-3.5.2.tar.gz", hash = "sha256:fe39f567cbe4fad89e8ac4dbeb23f87ef80f7fe8e829669d0221ecdb0437c133"},
]
certifi = [
    {file = "certifi-2021.10.8-py2.py3-none-any.whl", hash = "sha256:d62a0163eb4c2344ac042ab2bdf75399a71a2d8c7d47eac2e2ee91b9d6339569"},
    {file = "certifi-2021.10.8.tar.gz", hash = "sha256:78884e7c1d4b00ce3cea67b44566851c4343c120abd683433ce934a68ea58872"},
]
charset-normalizer = [
    {file = "charset-normalizer-2.0.9.tar.gz", hash = "sha256:b0b883e8e874edfdece9c28f314e3dd5badf067342e42fb162203335ae61aa2c"},
    {file = "charset_normalizer-2.0.9-py3-none-any.whl", hash = "sha256:1eecaa09422db5be9e29d7fc65664e6c33bd06f9ced7838578ba40d58bdf3721"},
]
colorama = [
    {file = "colorama-0.4.4-py2.py3-none-any.whl", hash = "sha256:9f47eda37229f68eee03b24b9748937c7dc3868f906e8ba69fbcbdd3bc5dc3e2"},
    {file = "colorama-0.4.4.tar.gz", hash = "sha256:5941b2b48a20143d2267e95b1c2a7603ce057ee39fd88e7329b0c292aa16869b"},
]
flake8 = [
    {file = "flake8-4.0.1-py2.py3-none-any.whl", hash = "sha256:479b1304f72536a55948cb40a32dce8bb0ffe3501e26eaf292c7e60eb5e0428d"},
    {file = "flake8-4.0.1.tar.gz", hash = "sha256:806e034dda44114815e23c16ef92f95c91e4c71100ff52813adf7132a6ad870d"},
]
idna = [
    {file = "idna-3.3-py3-none-any.whl", hash = "sha256:84d9dd047ffa80596e0f246e2eab0b391788b0503584e8945f2368256d2735ff"},
    {file = "idna-3.3.tar.gz", hash = "sha256:9d643ff0a55b762d5cdb124b8eaa99c66322e2157b69160bc32796e824360e6d"},
]
mccabe = [
    {file = "mccabe-0.6.1-py2.py3-none-any.whl", hash = "sha256:ab8a6258860da4b6677da4bd2fe5dc2c659cff31b3ee4f7f5d64e79735b80d42"},
    {file = "mccabe-0.6.1.tar.gz", hash = "sha256:dd8d182285a0fe56bace7f45b5e7d1a6ebcbf524e8f3bd87eb0f125271b8831f"},
]
pycodestyle = [
    {file = "pycodestyle-2.8.0-py2.py3-none-any.whl", hash = "sha256:720f8b39dde8b293825e7ff02c475f3077124006db4f440dcbc9a20b76548a20"},
    {file = "pycodestyle-2.8.0.tar.gz", hash = "sha256:eddd5847ef438ea1c7870ca7eb78a9d47ce0cdb4851a5523949f2601d0cbbe7f"},
]
pyflakes = [
    {file = "pyflakes-2.4.0-py2.py3-none-any.whl", hash = "sha256:3bb3a3f256f4b7968c9c788781e4ff07dce46bdf12339dcda61053375426ee2e"},
    {file = "pyflakes-2.4.0.tar.gz", hash = "sha256:05a85c2872edf37a4ed30b0cce2f6093e1d0581f8c19d7393122da7e25b2b24c"},
]
pygame = [
    {file = "pygame-2.1.0-cp310-cp310-macosx_10_9_x86_64.whl", hash = "sha256:c84a93e6d33dafce9e25080ac557342333e15ef7e378ba84cb6181c52a8fd663"},
    {file = "pygame-2.1.0-cp310-cp310-macosx_11_0_arm64.whl", hash = "sha256:a0842458b49257ab539b7b6622a242cabcddcb61178b8ae074aaceb890be75b6"},
    {file = "pygame-2.1.0-cp310-cp310-manylinux_2_12_i686.manylinux2010_i686.whl", hash = "sha256:6efa3fa472acb97c784224b59a89e80da6231f0dbf54df8442ffa3352c0534d6"},
    {file = "pygame-2.1.0-cp310-cp310-manylinux_2_12_x86_64.manylinux2010_x86_64.whl", hash = "sha256:02a26b3be6cc478f18f4efa506ee5a585f68350857ac5e68e187301e943e3d6d"},
    {file = "pygame-2.1.0-cp310-cp310-manylinux_2_17_aarch64.manylinux2014_aarch64.whl", hash = "sha256:d5c62fbdb30082f7e1dcfa253da48e7b4be7342d275b34b2efa51f6cffc5942b"},
    {file = "pygame-2.1.0-cp310-cp310-manylinux_2_17_i686.manylinux2014_i686.whl", hash = "sha256:7a305dcf44f03a8dd7baefb97dc24949d7e719fd686cd3211121639aec4ce464"},
    {file = "pygame-2.1.0-cp310-cp310-manylinux_2_17_x86_64.manylinux2014_x86_64.whl", hash = "sha256:847b4bc22edb1d77c992b5d56b19e1ab52e14687adb8bc3ed12a8a98fbd7e1ff"},
    {file = "pygame-2.1.0-cp310-cp310-win32.whl", hash = "sha256:e9368c105a8bccc8adfe7fd7fa5220d2b6c03979a3a57a8178c42f6fa9914ebc"},
    {file = "pygame-2.1.0-cp310-cp310-win_amd64.whl", hash = "sha256:9a81d057a7dea95850e44118f141a892fde93c938ccb08fbc5dd7f1a26c2f1fe"},
    {file = "pygame-2.1.0-cp36-cp36m-macosx_10_9_x86_64.whl", hash = "sha256:ada3d33e7e6907d5c3bf771dc58c47ee6994a1e28fed55e4f8f8b817367beb8f"},
    {file = "pygame-2.1.0-cp36-cp36m-manylinux_2_12_i686.manylinux2010_i686.whl", hash = "sha256:5a3edc8211d0cf39d1e4d7ded1a0727c53aeb21205963f184199521708bbb05c"},
    {file = "pygame-2.1.0-cp36-cp36m-manylinux_2_12_x86_64.manylinux2010_x86_64.whl", hash = "sha256:53c6fa767e3eef52d403eda5d032e48b6040ccce03fbd64af2f71843168118da"},
    {file = "pygame-2.1.0-cp36-cp36m-manylinux_2_17_aarch64.manylinux2014_aarch64.whl", hash = "sha256:c28c6f764aa03a0245db12346f1da327c6f49bcc20e53aefec6eed57e4fbe1ce"},
    {file = "pygame-2.1.0-cp36-cp36m-manylinux_2_17_i686.manylinux2014_i686.whl", hash = "sha256:5d36d530a8994c5bb8889816981f82b7942d8ec7651ca1d922d01302c1feecd2"},
    {file = "pygame-2.1.0-cp36-cp36m-manylinux_2_17_x86_64.manylinux2014_x86_64.whl", hash = "sha256:fdd488daa4ad33748d5ea806e311bfe01b9cc506def5288400072fcd66d226cf"},
    {file = "pygame-2.1.0-cp36-cp36m-manylinux_2_5_i686.manylinux1_i686.whl", hash = "sha256:9284e76923777c21b8bea19d8528be9cd62d0915139ed3c3cde6c43f849466f5"},
    {file = "pygame-2.1.0-cp36-cp36m-manylinux_2_5_x86_64.manylinux1_x86_64.whl", hash = "sha256:49e5fb589a86169aa95b83d3429ee034799792374e13dbc0da83091d86365a4b"},
    {file = "pygame-2.1.0-cp36-cp36m-win32.whl", hash = "sha256:c6ee571995527e779b46cafee7ebef2dceb1a9c375143828e019293ff0efa167"},
    {file = "pygame-2.1.0-cp36-cp36m-win_amd64.whl", hash = "sha256:b400edd7391972e75b4243113089d6ea10b032e1306e8721efabb36d33c2d0f2"},
    {file = "pygame-2.1.0-cp37-cp37m-macosx_10_9_x86_64.whl", hash = "sha256:0d2f80b501aacd74a660d4422793ea1cd4e209bee385aac18d0a07bd671511ee"},
    {file = "pygame-2.1.0-cp37-cp37m-manylinux_2_12_i686.manylinux2010_i686.whl", hash = "sha256:32cb64627c2eb5c4c067ffe614e08ccb8987d096100d225e070dddce05725b63"},
    {file = "pygame-2.1.0-cp37-cp37m-manylinux_2_12_x86_64.manylinux2010_x86_64.whl", hash = "sha256:38b5a43ab02c162501e62b857ff2cb128076b0786dd4e1d8bea63db8326f9da1"},
    {file = "pygame-2.1.0-cp37-cp37m-manylinux_2_17_aarch64.manylinux2014_aarch64.whl", hash = "sha256:ba5bf655c892bbf4a9bafb4fcbc4c71023cc9a65f0cae0f3eba09a11018a858e"},
    {file = "pygame-2.1.0-cp37-cp37m-manylinux_2_17_i686.manylinux2014_i686.whl", hash = "sha256:add546fcbf8954f00647f5e7d595ab9389f6a7542a99fc5dca514e14fd799773"},
    {file = "pygame-2.1.0-cp37-cp37m-manylinux_2_17_x86_64.manylinux2014_x86_64.whl", hash = "sha256:987c0d5fcd7737c31b35df06f78932c48eeff2c97473001e224fdebd3292b2db"},
    {file = "pygame-2.1.0-cp37-cp37m-manylinux_2_5_i686.manylinux1_i686.whl", hash = "sha256:594234050b50b57c538842155dc3095c9d4f994266325adb4dd008aee526157f"},
    {file = "pygame-2.1.0-cp37-cp37m-manylinux_2_5_x86_64.manylinux1_x86_64.whl", hash = "sha256:59a5461ef317e4d233d1bb5ce63311ccad3e911a652bda159d3922351050158c"},
    {file = "pygame-2.1.0-cp37-cp37m-win32.whl", hash = "sha256:9b2ad10ffaa226ca40ae229143b0a118426aff42e2459b626d355846c59a765d"},
    {file = "pygame-2.1.0-cp37-cp37m-win_amd64.whl", hash = "sha256:4f73058569573af12c8181e032745f11d85f0799510965d938b1f16c7f13afcb"},
    {file = "pygame-2.1.0-cp38-cp38-macosx_10_9_x86_64.whl", hash = "sha256:85844714f82a5379100825473b1a7b24192b4a944aed3128da9386e26adc3bed"},
    {file = "pygame-2.1.0-cp38-cp38-macosx_11_0_arm64.whl", hash = "sha256:b0e96c0f68f6bb88da216765920c6dbc55ae83e70435d8ebac87d271fc058646"},
    {file = "pygame-2.1.0-cp38-cp38-manylinux_2_12_i686.manylinux2010_i686.whl", hash = "sha256:3d5a76fa826202182d989e8399fca0c3c163fbb4f8ece773e77955a7a62cbed3"},
    {file = "pygame-2.1.0-cp38-cp38-manylinux_2_12_x86_64.manylinux2010_x86_64.whl", hash = "sha256:2bfefabe78bda7a1bfba253cbe2131038402ce2b32e4218feeba6431fe429abb"},
    {file = "pygame-2.1.0-cp38-cp38-manylinux_2_17_aarch64.manylinux2014_aarch64.whl", hash = "sha256:3804476fab6ec7230aa817ee5c3b378ba956321fdd5f91f51c97452c588869d2"},
    {file = "pygame-2.1.0-cp38-cp38-manylinux_2_17_i686.manylinux2014_i686.whl", hash = "sha256:70a11eec9bae6e8970c5bc4b3d0908eb2c42d4bd4ed488e41e49774b7cb41f57"},
    {file = "pygame-2.1.0-cp38-cp38-manylinux_2_17_x86_64.manylinux2014_x86_64.whl", hash = "sha256:4eff1db92d53dc2e49ed832dd6c76530e1e2b5954eef091f6af41b41d2d5c3ac"},
    {file = "pygame-2.1.0-cp38-cp38-manylinux_2_5_i686.manylinux1_i686.whl", hash = "sha256:c1eb91198fc47c2e4fdc19c544b5d94534a70fd877f5c342228feb05e9fc4bef"},
    {file = "pygame-2.1.0-cp38-cp38-manylinux_2_5_x86_64.manylinux1_x86_64.whl", hash = "sha256:15d4e42214f93d8c60120e16b690ad03da7f0b3b66f75db8966bccf8c66c4690"},
    {file = "pygame-2.1.0-cp38-cp38-win32.whl", hash = "sha256:e533f4bf9dc1a91cfd608b9bfb028c6a92383e731c502660933f0f9b812045a6"},
    {file = "pygame-2.1.0-cp38-cp38-win_amd64.whl", hash = "sha256:692fe4498c353d663d45d05354fb47c9f6bf324d10b53844b9ed7f60e6c8cefa"},
    {file = "pygame-2.1.0-cp39-cp39-macosx_10_9_x86_64.whl", hash = "sha256:472b81ba6b61ffe5879ac3d0da2e5cb235e0e4da471ad4038f013a7710ab53ab"},
    {file = "pygame-2.1.0-cp39-cp39-macosx_11_0_arm64.whl", hash = "sha256:bb55368d455ab9518b97febd33a8d417988397b019c9408993be034e0b5a7db6"},
    {file = "pygame-2.1.0-cp39-cp39-manylinux_2_12_i686.manylinux2010_i686.whl", hash = "sha256:f8379052cfbc278b11e31bc97f2e7f5998959c50837c4d54f4e424a541e0c5d9"},
    {file = "pygame-2.1.0-cp39-cp39-manylinux_2_12_x86_64.manylinux2010_x86_64.whl", hash = "sha256:b545634f96132af1d31dcb873cf03a9c4a5654ae39d9ee126db0b2eba2806788"},
    {file = "pygame-2.1.0-cp39-cp39-manylinux_2_17_aarch64.manylinux2014_aarch64.whl", hash = "sha256:5eb3dede55d005adea8504f8c9230b9dc2c84c1c728efe93a9718fa1af824dc8"},
    {file = "pygame-2.1.0-cp39-cp39-manylinux_2_17_i686.manylinux2014_i686.whl", hash = "sha256:f628f9f26c8dadf72fabc9ae0ce5fe7f60d76be71a3407abc756b4d1fd030fa0"},
    {file = "pygame-2.1.0-cp39-cp39-manylinux_2_17_x86_64.manylinux2014_x86_64.whl", hash = "sha256:d4061ac4e81bb36ec8f0a7027582c1c4dd32a939882e008165627103cb0b3985"},
    {file = "pygame-2.1.0-cp39-cp39-manylinux_2_5_i686.manylinux1_i686.whl", hash = "sha256:fad7b5351931cb68d19d7ecc0b21021fe23237d8fba8c455b5af4a79e1c7c536"},
    {file = "pygame-2.1.0-cp39-cp39-manylinux_2_5_x86_64.manylinux1_x86_64.whl", hash = "sha256:a0ab3e4763e0cebf08c55154f4167cdae3683674604a71e1437123225f2a9b36"},
    {file = "pygame-2.1.0-cp39-cp39-win32.whl", hash = "sha256:64ec45215c2cfc4051bb0f58d26aee3b50a39b1b0a2e6fe8417bb352a6443aad"},
    {file = "pygame-2.1.0-cp39-cp39-win_amd64.whl", hash = "sha256:86c66b917afc6330a91ac8c7169c36c77ec536578d1d7724644d41f904e2d146"},
    {file = "pygame-2.1.0-pp36-pypy36_pp73-win32.whl", hash = "sha256:b0e405fdde643f14d60c2dd140f110a5a38f588396a8b61a1a86374f25cba589"},
    {file = "pygame-2.1.0-pp37-pypy37_pp73-macosx_10_9_x86_64.whl", hash = "sha256:646e871ff5ab7f933cde5ea2bff7b6cd74d7369f43e84a291baebe00bb9a8f6f"},
    {file = "pygame-2.1.0-pp37-pypy37_pp73-manylinux_2_12_i686.manylinux2010_i686.whl", hash = "sha256:88a2dabe617e6173003b65762c636947719da3e2d881a4ea47298e8d70886386"},
    {file = "pygame-2.1.0-pp37-pypy37_pp73-manylinux_2_12_x86_64.manylinux2010_x86_64.whl", hash = "sha256:7281366b4ebd7f16eac8ec6a6e2adb4c729beda178ea82637d9981e93dd40c9b"},
    {file = "pygame-2.1.0-pp37-pypy37_pp73-manylinux_2_17_i686.manylinux2014_i686.whl", hash = "sha256:0227728f2ef751fac43b89f4bcc5c65ce39c855b2a3391ddf2e6024dd667e6bd"},
    {file = "pygame-2.1.0-pp37-pypy37_pp73-manylinux_2_17_x86_64.manylinux2014_x86_64.whl", hash = "sha256:4ab5aba8677d135b94c4714e8256efdfffefc164f354a4d05b846588caf43b99"},
    {file = "pygame-2.1.0.tar.gz", hash = "sha256:232e51104db0e573221660d172af8e6fc2c0fda183c5dbf2aa52170f29aa9ec9"},
]
pysdl2 = [
    {file = "PySDL2-0.9.9-py3-none-any.whl", hash = "sha256:af5af5e6501934ca98d4344bd3362b076828e5cb6698af64db7d1b72353b4580"},
    {file = "PySDL2-0.9.9.tar.gz", hash = "sha256:45879ae588038d7cf7cb0289ae47af60722b394d0efa527bf4327103dc4dc918"},
]
pysdl2-dll = [
    {file = "pysdl2-dll-2.0.16.tar.gz", hash = "sha256:32a4233d54570d5b64d9653ec85025ac337fec47de76bbde920b6f3d867328c7"},
    {file = "pysdl2_dll-2.0.16-py2.py3-none-macosx_10_6_x86_64.whl", hash = "sha256:934b1df37d5b61426b2b7394906a718d0c065535dc0eb888b5eb2fdee76f7566"},
    {file = "pysdl2_dll-2.0.16-py2.py3-none-manylinux2014_i686.whl", hash = "sha256:1f1a7855ba5dc9e2e8da6f3fe2d54a24c6118e1dc1db655796358c97d8e9f7d5"},
    {file = "pysdl2_dll-2.0.16-py2.py3-none-manylinux2014_x86_64.whl", hash = "sha256:f25b413039d6cfcb92045b4665b21eac5aa826dee17eeca6b2b06c4efdd1aad1"},
    {file = "pysdl2_dll-2.0.16-py2.py3-none-manylinux_2_24_x86_64.whl", hash = "sha256:cde22425dd98cf40a34e4dc15f3260eb2f556b8e1ee66e6bece0daa367324545"},
    {file = "pysdl2_dll-2.0.16-py2.py3-none-win32.whl", hash = "sha256:edd599b3845772d4ae31d9e7f20665d169a8fe42cff636eaedf0a9344fb58458"},
    {file = "pysdl2_dll-2.0.16-py2.py3-none-win_amd64.whl", hash = "sha256:90ad157385c3ef549301a112c448f9060832f5f098c0209acdeb655806c6200d"},
]
pytz = [
    {file = "pytz-2021.3-py2.py3-none-any.whl", hash = "sha256:3672058bc3453457b622aab7a1c3bfd5ab0bdae451512f6cf25f64ed37f5b87c"},
    {file = "pytz-2021.3.tar.gz", hash = "sha256:acad2d8b20a1af07d4e4c9d2e9285c5ed9104354062f275f3fcd88dcef4f1326"},
]
requests = [
    {file = "requests-2.26.0-py2.py3-none-any.whl", hash = "sha256:6c1246513ecd5ecd4528a0906f910e8f0f9c6b8ec72030dc9fd154dc1a6efd24"},
    {file = "requests-2.26.0.tar.gz", hash = "sha256:b8aa58f8cf793ffd8782d3d8cb19e66ef36f7aba4353eec859e74678b01b07a7"},
]
six = [
    {file = "six-1.16.0-py2.py3-none-any.whl", hash = "sha256:8abb2f1d86890a2dfb989f9a77cfcfd3e47c2a354b01111771326f8aa26e0254"},
    {file = "six-1.16.0.tar.gz", hash = "sha256:1e61c37477a1626458e36f7b1d82aa5c9b094fa4802892072e49de9c60c4c926"},
]
urllib3 = [
    {file = "urllib3-1.26.7-py2.py3-none-any.whl", hash = "sha256:c4fdf4019605b6e5423637e01bc9fe4daef873709a7973e195ceba0a62bbc844"},
    {file = "urllib3-1.26.7.tar.gz", hash = "sha256:4987c65554f7a2dbf30c18fd48778ef124af6fab771a377103da0585e2336ece"},
]
vmprof = [
    {file = "vmprof-0.4.15-cp27-cp27m-macosx_10_10_x86_64.whl", hash = "sha256:09e3a6b1e584967bcc06406bd04e9a484a61734c49a32e3fab79595605981265"},
    {file = "vmprof-0.4.15-cp27-cp27m-manylinux1_i686.whl", hash = "sha256:419b47d3867b289e454d34a2ddbe05028961f795fe5e6f105b09f293a8f7326d"},
    {file = "vmprof-0.4.15-cp27-cp27m-manylinux1_x86_64.whl", hash = "sha256:0ce3cffa060bed61aced485caacf675d273bab5706884740ec4e350885cd66fe"},
    {file = "vmprof-0.4.15-cp27-cp27mu-manylinux1_i686.whl", hash = "sha256:36781e29b79de366fe1019d0a866968db0418541f4e32e503d06f5253b92b8ae"},
    {file = "vmprof-0.4.15-cp27-cp27mu-manylinux1_x86_64.whl", hash = "sha256:8733a0e19110e870516842192ce5787a3a5a3b26a57eba91dda5fe677fee667c"},
    {file = "vmprof-0.4.15-cp34-cp34m-macosx_10_10_x86_64.whl", hash = "sha256:53f8838ca9aef15d4b8ce6f19d37b1d867e8c15000d4aea2b4842091a9aece23"},
    {file = "vmprof-0.4.15-cp34-cp34m-manylinux1_i686.whl", hash = "sha256:c9f017809f8f70c864962c86e3f07bc7d3baec1f3cc9071ef4658acbc11126f6"},
    {file = "vmprof-0.4.15-cp34-cp34m-manylinux1_x86_64.whl", hash = "sha256:84c7311f7d11273ab7673f562cb9d8738e031fe9899f3449fb29b28912502674"},
    {file = "vmprof-0.4.15-cp35-cp35m-macosx_10_10_x86_64.whl", hash = "sha256:f5bbf926338c2759858d7ce258270cc2df902571522da3e26415c541124be706"},
    {file = "vmprof-0.4.15-cp35-cp35m-manylinux1_i686.whl", hash = "sha256:6b07e300b52e18b07daf3df09b217c87ccc2c641d609ee386547bf8d511e85c6"},
    {file = "vmprof-0.4.15-cp35-cp35m-manylinux1_x86_64.whl", hash = "sha256:6608b50df4e44ee691acd9746761b1ab5e914d7d209e02fd7f935fbad2f5d125"},
    {file = "vmprof-0.4.15-cp36-cp36m-macosx_10_10_x86_64.whl", hash = "sha256:1f40b27d64a25a338ba5c4ce7f3c774124aec861b97da345206502cbbb7c5d7b"},
    {file = "vmprof-0.4.15-cp36-cp36m-manylinux1_i686.whl", hash = "sha256:927e3a58261e7bc1559226696991772bee596c3a950b6811a773a6131c303e5a"},
    {file = "vmprof-0.4.15-cp36-cp36m-manylinux1_x86_64.whl", hash = "sha256:921bd840e1fec6eea842e76498d64d130e0d98ab59be745a36187b557ae6c787"},
    {file = "vmprof-0.4.15.tar.gz", hash = "sha256:a2d872a40196404386d1e0d960e97b37c86c3f72a4f9d5a2b5f9ca1adaff5b62"},
]
